
Microsoft Visual Studio Solution File, Format Version 12.00
# Visual Studio 15
VisualStudioVersion = 15.0.28307.271
MinimumVisualStudioVersion = 10.0.40219.1
Project("{F2A71F9B-5D33-465A-A702-920D77279786}") = "FsharpParallelTesting", "FsharpParallelTesting\FsharpParallelTesting.fsproj", "{22F67450-04BE-43F1-A697-A4C363C2C437}"
EndProject
Global
	GlobalSection(SolutionConfigurationPlatforms) = preSolution
		Debug|Any CPU = Debug|Any CPU
		Release|Any CPU = Release|Any CPU
	EndGlobalSection
	GlobalSection(ProjectConfigurationPlatforms) = postSolution
		{22F67450-04BE-43F1-A697-A4C363C2C437}.Debug|Any CPU.ActiveCfg = Debug|Any CPU
		{22F67450-04BE-43F1-A697-A4C363C2C437}.Debug|Any CPU.Build.0 = Debug|Any CPU
		{22F67450-04BE-43F1-A697-A4C363C2C437}.Release|Any CPU.ActiveCfg = Release|Any CPU
		{22F67450-04BE-43F1-A697-A4C363C2C437}.Release|Any CPU.Build.0 = Release|Any CPU
	EndGlobalSection
	GlobalSection(SolutionProperties) = preSolution
		HideSolutionNode = FALSE
	EndGlobalSection
	GlobalSection(ExtensibilityGlobals) = postSolution
		SolutionGuid = {94804896-5A00-4335-B029-AD974057E519}
	EndGlobalSection
EndGlobal
